
Microsoft Visual Studio Solution File, Format Version 12.00
# Visual Studio Version 16
VisualStudioVersion = 16.0.32106.194
MinimumVisualStudioVersion = 10.0.40219.1
Project("{FAE04EC0-301F-11D3-BF4B-00C04F79EFBC}") = "SQLiteCountries", "SQLiteCountries\SQLiteCountries.csproj", "{13BDDD96-4A3B-4B80-AA9B-93EFDBE70952}"
EndProject
Global
	GlobalSection(SolutionConfigurationPlatforms) = preSolution
		Debug|Any CPU = Debug|Any CPU
		Release|Any CPU = Release|Any CPU
	EndGlobalSection
	GlobalSection(ProjectConfigurationPlatforms) = postSolution
		{13BDDD96-4A3B-4B80-AA9B-93EFDBE70952}.Debug|Any CPU.ActiveCfg = Debug|Any CPU
		{13BDDD96-4A3B-4B80-AA9B-93EFDBE70952}.Debug|Any CPU.Build.0 = Debug|Any CPU
		{13BDDD96-4A3B-4B80-AA9B-93EFDBE70952}.Release|Any CPU.ActiveCfg = Release|Any CPU
		{13BDDD96-4A3B-4B80-AA9B-93EFDBE70952}.Release|Any CPU.Build.0 = Release|Any CPU
	EndGlobalSection
	GlobalSection(SolutionProperties) = preSolution
		HideSolutionNode = FALSE
	EndGlobalSection
	GlobalSection(ExtensibilityGlobals) = postSolution
		SolutionGuid = {2C62E4FD-E94B-4B28-91D9-CB6B58855AF1}
	EndGlobalSection
EndGlobal
